
Microsoft Visual Studio Solution File, Format Version 12.00
# Visual Studio Version 17
VisualStudioVersion = 17.8.34525.116
MinimumVisualStudioVersion = 10.0.40219.1
Project("{9A19103F-16F7-4668-BE54-9A1E7A4F7556}") = "Workaround", "Workaround\Workaround.csproj", "{F04DA77A-E498-4B33-A685-D026090A4DBD}"
EndProject
Project("{FAE04EC0-301F-11D3-BF4B-00C04F79EFBC}") = "Entities", "Entities\Entities.csproj", "{77E12358-DC0B-4FA7-9B26-3FCF8E14C84D}"
EndProject
Project("{FAE04EC0-301F-11D3-BF4B-00C04F79EFBC}") = "Business", "Business\Business.csproj", "{D4C6388C-F7E7-44DE-8A25-18F671B0976F}"
EndProject
Global
	GlobalSection(SolutionConfigurationPlatforms) = preSolution
		Debug|Any CPU = Debug|Any CPU
		Release|Any CPU = Release|Any CPU
	EndGlobalSection
	GlobalSection(ProjectConfigurationPlatforms) = postSolution
		{F04DA77A-E498-4B33-A685-D026090A4DBD}.Debug|Any CPU.ActiveCfg = Debug|Any CPU
		{F04DA77A-E498-4B33-A685-D026090A4DBD}.Debug|Any CPU.Build.0 = Debug|Any CPU
		{F04DA77A-E498-4B33-A685-D026090A4DBD}.Release|Any CPU.ActiveCfg = Release|Any CPU
		{F04DA77A-E498-4B33-A685-D026090A4DBD}.Release|Any CPU.Build.0 = Release|Any CPU
		{77E12358-DC0B-4FA7-9B26-3FCF8E14C84D}.Debug|Any CPU.ActiveCfg = Debug|Any CPU
		{77E12358-DC0B-4FA7-9B26-3FCF8E14C84D}.Debug|Any CPU.Build.0 = Debug|Any CPU
		{77E12358-DC0B-4FA7-9B26-3FCF8E14C84D}.Release|Any CPU.ActiveCfg = Release|Any CPU
		{77E12358-DC0B-4FA7-9B26-3FCF8E14C84D}.Release|Any CPU.Build.0 = Release|Any CPU
		{D4C6388C-F7E7-44DE-8A25-18F671B0976F}.Debug|Any CPU.ActiveCfg = Debug|Any CPU
		{D4C6388C-F7E7-44DE-8A25-18F671B0976F}.Debug|Any CPU.Build.0 = Debug|Any CPU
		{D4C6388C-F7E7-44DE-8A25-18F671B0976F}.Release|Any CPU.ActiveCfg = Release|Any CPU
		{D4C6388C-F7E7-44DE-8A25-18F671B0976F}.Release|Any CPU.Build.0 = Release|Any CPU
	EndGlobalSection
	GlobalSection(SolutionProperties) = preSolution
		HideSolutionNode = FALSE
	EndGlobalSection
	GlobalSection(ExtensibilityGlobals) = postSolution
		SolutionGuid = {5EE2A571-FAB3-48E3-A49F-53B046171682}
	EndGlobalSection
EndGlobal
